
Microsoft Visual Studio Solution File, Format Version 12.00
# Visual Studio Version 17
VisualStudioVersion = 17.8.34330.188
MinimumVisualStudioVersion = 10.0.40219.1
Project("{FAE04EC0-301F-11D3-BF4B-00C04F79EFBC}") = "DbFirst_NoProcedure", "DbFirst_NoProcedure\DbFirst_NoProcedure.csproj", "{C2D3D21D-089F-488C-BA6F-AFB7235D3A6B}"
EndProject
Project("{FAE04EC0-301F-11D3-BF4B-00C04F79EFBC}") = "DbFirst_Procedural", "DbFirst_Procedural\DbFirst_Procedural.csproj", "{BF78DC49-DB08-4544-A4D0-A9A072D9FBA5}"
EndProject
Global
	GlobalSection(SolutionConfigurationPlatforms) = preSolution
		Debug|Any CPU = Debug|Any CPU
		Release|Any CPU = Release|Any CPU
	EndGlobalSection
	GlobalSection(ProjectConfigurationPlatforms) = postSolution
		{C2D3D21D-089F-488C-BA6F-AFB7235D3A6B}.Debug|Any CPU.ActiveCfg = Debug|Any CPU
		{C2D3D21D-089F-488C-BA6F-AFB7235D3A6B}.Debug|Any CPU.Build.0 = Debug|Any CPU
		{C2D3D21D-089F-488C-BA6F-AFB7235D3A6B}.Release|Any CPU.ActiveCfg = Release|Any CPU
		{C2D3D21D-089F-488C-BA6F-AFB7235D3A6B}.Release|Any CPU.Build.0 = Release|Any CPU
		{BF78DC49-DB08-4544-A4D0-A9A072D9FBA5}.Debug|Any CPU.ActiveCfg = Debug|Any CPU
		{BF78DC49-DB08-4544-A4D0-A9A072D9FBA5}.Debug|Any CPU.Build.0 = Debug|Any CPU
		{BF78DC49-DB08-4544-A4D0-A9A072D9FBA5}.Release|Any CPU.ActiveCfg = Release|Any CPU
		{BF78DC49-DB08-4544-A4D0-A9A072D9FBA5}.Release|Any CPU.Build.0 = Release|Any CPU
	EndGlobalSection
	GlobalSection(SolutionProperties) = preSolution
		HideSolutionNode = FALSE
	EndGlobalSection
	GlobalSection(ExtensibilityGlobals) = postSolution
		SolutionGuid = {5F8F1D46-E808-47F1-98F1-F25CE3E847C8}
	EndGlobalSection
EndGlobal
